
Microsoft Visual Studio Solution File, Format Version 12.00
# Visual Studio Version 17
VisualStudioVersion = 17.11.35208.52
MinimumVisualStudioVersion = 10.0.40219.1
Project("{888888A0-9F3D-457C-B088-3A5042F75D52}") = "Problem #2", "Problem #2.pyproj", "{4F9E8F05-C37E-44E9-A3F1-7B9C8E46B68D}"
EndProject
Global
	GlobalSection(SolutionConfigurationPlatforms) = preSolution
		Debug|Any CPU = Debug|Any CPU
		Release|Any CPU = Release|Any CPU
	EndGlobalSection
	GlobalSection(ProjectConfigurationPlatforms) = postSolution
		{4F9E8F05-C37E-44E9-A3F1-7B9C8E46B68D}.Debug|Any CPU.ActiveCfg = Debug|Any CPU
		{4F9E8F05-C37E-44E9-A3F1-7B9C8E46B68D}.Release|Any CPU.ActiveCfg = Release|Any CPU
	EndGlobalSection
	GlobalSection(SolutionProperties) = preSolution
		HideSolutionNode = FALSE
	EndGlobalSection
	GlobalSection(ExtensibilityGlobals) = postSolution
		SolutionGuid = {75382D04-533F-4371-897E-E637F98D2505}
	EndGlobalSection
EndGlobal
